
Microsoft Visual Studio Solution File, Format Version 12.00
# Visual Studio Version 17
VisualStudioVersion = 17.3.32929.385
MinimumVisualStudioVersion = 10.0.40219.1
Project("{9A19103F-16F7-4668-BE54-9A1E7A4F7556}") = "Exercicio 1", "Exercicio 1\Exercicio 1.csproj", "{153BE3C6-D369-4588-A79D-68C52CC513D4}"
EndProject
Project("{9A19103F-16F7-4668-BE54-9A1E7A4F7556}") = "Exercicio 2", "Exercicio 2\Exercicio 2.csproj", "{D6482418-F444-4792-8F98-BA156790441D}"
EndProject
Project("{FAE04EC0-301F-11D3-BF4B-00C04F79EFBC}") = "Exercicio 3", "Exercicio 3\Exercicio 3.csproj", "{66704019-CA88-43F6-A135-EA5BEA145927}"
EndProject
Project("{FAE04EC0-301F-11D3-BF4B-00C04F79EFBC}") = "Exercicio 4", "Exercicio 4\Exercicio 4.csproj", "{7FA0E8F9-E4CE-41A3-AA34-2728C626C580}"
EndProject
Global
	GlobalSection(SolutionConfigurationPlatforms) = preSolution
		Debug|Any CPU = Debug|Any CPU
		Release|Any CPU = Release|Any CPU
	EndGlobalSection
	GlobalSection(ProjectConfigurationPlatforms) = postSolution
		{153BE3C6-D369-4588-A79D-68C52CC513D4}.Debug|Any CPU.ActiveCfg = Debug|Any CPU
		{153BE3C6-D369-4588-A79D-68C52CC513D4}.Debug|Any CPU.Build.0 = Debug|Any CPU
		{153BE3C6-D369-4588-A79D-68C52CC513D4}.Release|Any CPU.ActiveCfg = Release|Any CPU
		{153BE3C6-D369-4588-A79D-68C52CC513D4}.Release|Any CPU.Build.0 = Release|Any CPU
		{D6482418-F444-4792-8F98-BA156790441D}.Debug|Any CPU.ActiveCfg = Debug|Any CPU
		{D6482418-F444-4792-8F98-BA156790441D}.Debug|Any CPU.Build.0 = Debug|Any CPU
		{D6482418-F444-4792-8F98-BA156790441D}.Release|Any CPU.ActiveCfg = Release|Any CPU
		{D6482418-F444-4792-8F98-BA156790441D}.Release|Any CPU.Build.0 = Release|Any CPU
		{66704019-CA88-43F6-A135-EA5BEA145927}.Debug|Any CPU.ActiveCfg = Debug|Any CPU
		{66704019-CA88-43F6-A135-EA5BEA145927}.Debug|Any CPU.Build.0 = Debug|Any CPU
		{66704019-CA88-43F6-A135-EA5BEA145927}.Release|Any CPU.ActiveCfg = Release|Any CPU
		{66704019-CA88-43F6-A135-EA5BEA145927}.Release|Any CPU.Build.0 = Release|Any CPU
		{7FA0E8F9-E4CE-41A3-AA34-2728C626C580}.Debug|Any CPU.ActiveCfg = Debug|Any CPU
		{7FA0E8F9-E4CE-41A3-AA34-2728C626C580}.Debug|Any CPU.Build.0 = Debug|Any CPU
		{7FA0E8F9-E4CE-41A3-AA34-2728C626C580}.Release|Any CPU.ActiveCfg = Release|Any CPU
		{7FA0E8F9-E4CE-41A3-AA34-2728C626C580}.Release|Any CPU.Build.0 = Release|Any CPU
	EndGlobalSection
	GlobalSection(SolutionProperties) = preSolution
		HideSolutionNode = FALSE
	EndGlobalSection
	GlobalSection(ExtensibilityGlobals) = postSolution
		SolutionGuid = {3C34E1B7-0A1A-4246-9CA9-6BF2A0242DCA}
	EndGlobalSection
EndGlobal
